
Microsoft Visual Studio Solution File, Format Version 12.00
# Visual Studio Version 18
VisualStudioVersion = 18.2.11415.280 d18.0
MinimumVisualStudioVersion = 10.0.40219.1
Project("{FAE04EC0-301F-11D3-BF4B-00C04F79EFBC}") = "WinFormsApp1", "WinFormsApp1\WinFormsApp1.csproj", "{615F4725-3BE2-4EB9-BE57-A7DBA2EE4C15}"
EndProject
Project("{FAE04EC0-301F-11D3-BF4B-00C04F79EFBC}") = "Refactor101ing", "Refactor101ing\Refactor101ing.csproj", "{75009586-42CD-4795-A968-AB5FC6231BBF}"
EndProject
Global
	GlobalSection(SolutionConfigurationPlatforms) = preSolution
		Debug|Any CPU = Debug|Any CPU
		Release|Any CPU = Release|Any CPU
	EndGlobalSection
	GlobalSection(ProjectConfigurationPlatforms) = postSolution
		{615F4725-3BE2-4EB9-BE57-A7DBA2EE4C15}.Debug|Any CPU.ActiveCfg = Debug|Any CPU
		{615F4725-3BE2-4EB9-BE57-A7DBA2EE4C15}.Debug|Any CPU.Build.0 = Debug|Any CPU
		{615F4725-3BE2-4EB9-BE57-A7DBA2EE4C15}.Release|Any CPU.ActiveCfg = Release|Any CPU
		{615F4725-3BE2-4EB9-BE57-A7DBA2EE4C15}.Release|Any CPU.Build.0 = Release|Any CPU
		{75009586-42CD-4795-A968-AB5FC6231BBF}.Debug|Any CPU.ActiveCfg = Debug|Any CPU
		{75009586-42CD-4795-A968-AB5FC6231BBF}.Debug|Any CPU.Build.0 = Debug|Any CPU
		{75009586-42CD-4795-A968-AB5FC6231BBF}.Release|Any CPU.ActiveCfg = Release|Any CPU
		{75009586-42CD-4795-A968-AB5FC6231BBF}.Release|Any CPU.Build.0 = Release|Any CPU
	EndGlobalSection
	GlobalSection(SolutionProperties) = preSolution
		HideSolutionNode = FALSE
	EndGlobalSection
	GlobalSection(ExtensibilityGlobals) = postSolution
		SolutionGuid = {4086A002-F989-4C0A-9085-D477A80C377A}
	EndGlobalSection
EndGlobal
